// !$*UTF8*$!
{
	archiveVersion = 1;
	classes = {
	};
	objectVersion = 46;
	objects = {

/* Begin PBXBuildFile section */
		460415571EA342E2007136DE /* AppDelegate.swift in Sources */ = {isa = PBXBuildFile; fileRef = 460415561EA342E2007136DE /* AppDelegate.swift */; };
		460415591EA342E2007136DE /* ViewController.swift in Sources */ = {isa = PBXBuildFile; fileRef = 460415581EA342E2007136DE /* ViewController.swift */; };
		4604155C1EA342E2007136DE /* Main.storyboard in Resources */ = {isa = PBXBuildFile; fileRef = 4604155A1EA342E2007136DE /* Main.storyboard */; };
		4604155E1EA342E2007136DE /* Assets.xcassets in Resources */ = {isa = PBXBuildFile; fileRef = 4604155D1EA342E2007136DE /* Assets.xcassets */; };
		460415611EA342E2007136DE /* LaunchScreen.storyboard in Resources */ = {isa = PBXBuildFile; fileRef = 4604155F1EA342E2007136DE /* LaunchScreen.storyboard */; };
/* End PBXBuildFile section */

/* Begin PBXFileReference section */
		460415531EA342E2007136DE /* Helloworld2.app */ = {isa = PBXFileReference; explicitFileType = wrapper.application; includeInIndex = 0; path = Helloworld2.app; sourceTree = BUILT_PRODUCTS_DIR; };
		460415561EA342E2007136DE /* AppDelegate.swift */ = {isa = PBXFileReference; lastKnownFileType = sourcecode.swift; path = AppDelegate.swift; sourceTree = "<group>"; };
		460415581EA342E2007136DE /* ViewController.swift */ = {isa = PBXFileReference; lastKnownFileType = sourcecode.swift; path = ViewController.swift; sourceTree = "<group>"; };
		4604155B1EA342E2007136DE /* Base */ = {isa = PBXFileReference; lastKnownFileType = file.storyboard; name = Base; path = Base.lproj/Main.storyboard; sourceTree = "<group>"; };
		4604155D1EA342E2007136DE /* Assets.xcassets */ = {isa = PBXFileReference; lastKnownFileType = folder.assetcatalog; path = Assets.xcassets; sourceTree = "<group>"; };
		460415601EA342E2007136DE /* Base */ = {isa = PBXFileReference; lastKnownFileType = file.storyboard; name = Base; path = Base.lproj/LaunchScreen.storyboard; sourceTree = "<group>"; };
		460415621EA342E2007136DE /* Info.plist */ = {isa = PBXFileReference; lastKnownFileType = text.plist.xml; path = Info.plist; sourceTree = "<group>"; };
/* End PBXFileReference section */

/* Begin PBXFrameworksBuildPhase section */
		460415501EA342E2007136DE /* Frameworks */ = {
			isa = PBXFrameworksBuildPhase;
			buildActionMask = 2147483647;
			files = (
			);
			runOnlyForDeploymentPostprocessing = 0;
		};
/* End PBXFrameworksBuildPhase section */

/* Begin PBXGroup section */
		4604154A1EA342E2007136DE = {
			isa = PBXGroup;
			children = (
				460415551EA342E2007136DE /* Helloworld2 */,
				460415541EA342E2007136DE /* Products */,
			);
			sourceTree = "<group>";
		};
		460415541EA342E2007136DE /* Products */ = {
			isa = PBXGroup;
			children = (
				460415531EA342E2007136DE /* Helloworld2.app */,
			);
			name = Products;
			sourceTree = "<group>";
		};
		460415551EA342E2007136DE /* Helloworld2 */ = {
			isa = PBXGroup;
			children = (
				460415561EA342E2007136DE /* AppDelegate.swift */,
				460415581EA342E2007136DE /* ViewController.swift */,
				4604155A1EA342E2007136DE /* Main.storyboard */,
				4604155D1EA342E2007136DE /* Assets.xcassets */,
				4604155F1EA342E2007136DE /* LaunchScreen.storyboard */,
				460415621EA342E2007136DE /* Info.plist */,
			);
			path = Helloworld2;
			sourceTree = "<group>";
		};
/* End PBXGroup section */

/* Begin PBXNativeTarget section */
		460415521EA342E2007136DE /* Helloworld2 */ = {
			isa = PBXNativeTarget;
			buildConfigurationList = 460415651EA342E2007136DE /* Build configuration list for PBXNativeTarget "Helloworld2" */;
			buildPhases = (
				4604154F1EA342E2007136DE /* Sources */,
				460415501EA342E2007136DE /* Frameworks */,
				460415511EA342E2007136DE /* Resources */,
			);
			buildRules = (
			);
			dependencies = (
			);
			name = Helloworld2;
			productName = Helloworld2;
			productReference = 460415531EA342E2007136DE /* Helloworld2.app */;
			productType = "com.apple.product-type.application";
		};
/* End PBXNativeTarget section */

/* Begin PBXProject section */
		4604154B1EA342E2007136DE /* Project object */ = {
			isa = PBXProject;
			attributes = {
				LastSwiftUpdateCheck = 0830;
				LastUpgradeCheck = 0830;
				ORGANIZATIONNAME = masashi.motohashi;
				TargetAttributes = {
					460415521EA342E2007136DE = {
						CreatedOnToolsVersion = 8.3.1;
						ProvisioningStyle = Automatic;
					};
				};
			};
			buildConfigurationList = 4604154E1EA342E2007136DE /* Build configuration list for PBXProject "Helloworld2" */;
			compatibilityVersion = "Xcode 3.2";
			developmentRegion = English;
			hasScannedForEncodings = 0;
			knownRegions = (
				en,
				Base,
			);
			mainGroup = 4604154A1EA342E2007136DE;
			productRefGroup = 460415541EA342E2007136DE /* Products */;
			projectDirPath = "";
			projectRoot = "";
			targets = (
				460415521EA342E2007136DE /* Helloworld2 */,
			);
		};
/* End PBXProject section */

/* Begin PBXResourcesBuildPhase section */
		460415511EA342E2007136DE /* Resources */ = {
			isa = PBXResourcesBuildPhase;
			buildActionMask = 2147483647;
			files = (
				460415611EA342E2007136DE /* LaunchScreen.storyboard in Resources */,
				4604155E1EA342E2007136DE /* Assets.xcassets in Resources */,
				4604155C1EA342E2007136DE /* Main.storyboard in Resources */,
			);
			runOnlyForDeploymentPostprocessing = 0;
		};
/* End PBXResourcesBuildPhase section */

/* Begin PBXSourcesBuildPhase section */
		4604154F1EA342E2007136DE /* Sources */ = {
			isa = PBXSourcesBuildPhase;
			buildActionMask = 2147483647;
			files = (
				460415591EA342E2007136DE /* ViewController.swift in Sources */,
				460415571EA342E2007136DE /* AppDelegate.swift in Sources */,
			);
			runOnlyForDeploymentPostprocessing = 0;
		};
/* End PBXSourcesBuildPhase section */

/* Begin PBXVariantGroup section */
		4604155A1EA342E2007136DE /* Main.storyboard */ = {
			isa = PBXVariantGroup;
			children = (
				4604155B1EA342E2007136DE /* Base */,
			);
			name = Main.storyboard;
			sourceTree = "<group>";
		};
		4604155F1EA342E2007136DE /* LaunchScreen.storyboard */ = {
			isa = PBXVariantGroup;
			children = (
				460415601EA342E2007136DE /* Base */,
			);
			name = LaunchScreen.storyboard;
			sourceTree = "<group>";
		};
/* End PBXVariantGroup section */

/* Begin XCBuildConfiguration section */
		460415631EA342E2007136DE /* Debug */ = {
			isa = XCBuildConfiguration;
			buildSettings = {
				ALWAYS_SEARCH_USER_PATHS = NO;
				CLANG_ANALYZER_NONNULL = YES;
				CLANG_ANALYZER_NUMBER_OBJECT_CONVERSION = YES_AGGRESSIVE;
				CLANG_CXX_LANGUAGE_STANDARD = "gnu++0x";
				CLANG_CXX_LIBRARY = "libc++";
				CLANG_ENABLE_MODULES = YES;
				CLANG_ENABLE_OBJC_ARC = YES;
				CLANG_WARN_BOOL_CONVERSION = YES;
				CLANG_WARN_CONSTANT_CONVERSION = YES;
				CLANG_WARN_DIRECT_OBJC_ISA_USAGE = YES_ERROR;
				CLANG_WARN_DOCUMENTATION_COMMENTS = YES;
				CLANG_WARN_EMPTY_BODY = YES;
				CLANG_WARN_ENUM_CONVERSION = YES;
				CLANG_WARN_INFINITE_RECURSION = YES;
				CLANG_WARN_INT_CONVERSION = YES;
				CLANG_WARN_OBJC_ROOT_CLASS = YES_ERROR;
				CLANG_WARN_SUSPICIOUS_MOVE = YES;
				CLANG_WARN_UNREACHABLE_CODE = YES;
				CLANG_WARN__DUPLICATE_METHOD_MATCH = YES;
				"CODE_SIGN_IDENTITY[sdk=iphoneos*]" = "iPhone Developer";
				COPY_PHASE_STRIP = NO;
				DEBUG_INFORMATION_FORMAT = dwarf;
				ENABLE_STRICT_OBJC_MSGSEND = YES;
				ENABLE_TESTABILITY = YES;
				GCC_C_LANGUAGE_STANDARD = gnu99;
				GCC_DYNAMIC_NO_PIC = NO;
				GCC_NO_COMMON_BLOCKS = YES;
				GCC_OPTIMIZATION_LEVEL = 0;
				GCC_PREPROCESSOR_DEFINITIONS = (
					"DEBUG=1",
					"$(inherited)",
				);
				GCC_WARN_64_TO_32_BIT_CONVERSION = YES;
				GCC_WARN_ABOUT_RETURN_TYPE = YES_ERROR;
				GCC_WARN_UNDECLARED_SELECTOR = YES;
				GCC_WARN_UNINITIALIZED_AUTOS = YES_AGGRESSIVE;
				GCC_WARN_UNUSED_FUNCTION = YES;
				GCC_WARN_UNUSED_VARIABLE = YES;
				IPHONEOS_DEPLOYMENT_TARGET = 10.3;
				MTL_ENABLE_DEBUG_INFO = YES;
				ONLY_ACTIVE_ARCH = YES;
				SDKROOT = iphoneos;
				SWIFT_ACTIVE_COMPILATION_CONDITIONS = DEBUG;
				SWIFT_OPTIMIZATION_LEVEL = "-Onone";
			};
			name = Debug;
		};
		460415641EA342E2007136DE /* Release */ = {
			isa = XCBuildConfiguration;
			buildSettings = {
				ALWAYS_SEARCH_USER_PATHS = NO;
				CLANG_ANALYZER_NONNULL = YES;
				CLANG_ANALYZER_NUMBER_OBJECT_CONVERSION = YES_AGGRESSIVE;
				CLANG_CXX_LANGUAGE_STANDARD = "gnu++0x";
				CLANG_CXX_LIBRARY = "libc++";
				CLANG_ENABLE_MODULES = YES;
				CLANG_ENABLE_OBJC_ARC = YES;
				CLANG_WARN_BOOL_CONVERSION = YES;
				CLANG_WARN_CONSTANT_CONVERSION = YES;
				CLANG_WARN_DIRECT_OBJC_ISA_USAGE = YES_ERROR;
				CLANG_WARN_DOCUMENTATION_COMMENTS = YES;
				CLANG_WARN_EMPTY_BODY = YES;
				CLANG_WARN_ENUM_CONVERSION = YES;
				CLANG_WARN_INFINITE_RECURSION = YES;
				CLANG_WARN_INT_CONVERSION = YES;
				CLANG_WARN_OBJC_ROOT_CLASS = YES_ERROR;
				CLANG_WARN_SUSPICIOUS_MOVE = YES;
				CLANG_WARN_UNREACHABLE_CODE = YES;
				CLANG_WARN__DUPLICATE_METHOD_MATCH = YES;
				"CODE_SIGN_IDENTITY[sdk=iphoneos*]" = "iPhone Developer";
				COPY_PHASE_STRIP = NO;
				DEBUG_INFORMATION_FORMAT = "dwarf-with-dsym";
				ENABLE_NS_ASSERTIONS = NO;
				ENABLE_STRICT_OBJC_MSGSEND = YES;
				GCC_C_LANGUAGE_STANDARD = gnu99;
				GCC_NO_COMMON_BLOCKS = YES;
				GCC_WARN_64_TO_32_BIT_CONVERSION = YES;
				GCC_WARN_ABOUT_RETURN_TYPE = YES_ERROR;
				GCC_WARN_UNDECLARED_SELECTOR = YES;
				GCC_WARN_UNINITIALIZED_AUTOS = YES_AGGRESSIVE;
				GCC_WARN_UNUSED_FUNCTION = YES;
				GCC_WARN_UNUSED_VARIABLE = YES;
				IPHONEOS_DEPLOYMENT_TARGET = 10.3;
				MTL_ENABLE_DEBUG_INFO = NO;
				SDKROOT = iphoneos;
				SWIFT_OPTIMIZATION_LEVEL = "-Owholemodule";
				VALIDATE_PRODUCT = YES;
			};
			name = Release;
		};
		460415661EA342E2007136DE /* Debug */ = {
			isa = XCBuildConfiguration;
			buildSettings = {
				ASSETCATALOG_COMPILER_APPICON_NAME = AppIcon;
				INFOPLIST_FILE = Helloworld2/Info.plist;
				LD_RUNPATH_SEARCH_PATHS = "$(inherited) @executable_path/Frameworks";
				PRODUCT_BUNDLE_IDENTIFIER = jp.techacademy.masashi.motohashi.Helloworld2;
				PRODUCT_NAME = "$(TARGET_NAME)";
				SWIFT_VERSION = 3.0;
			};
			name = Debug;
		};
		460415671EA342E2007136DE /* Release */ = {
			isa = XCBuildConfiguration;
			buildSettings = {
				ASSETCATALOG_COMPILER_APPICON_NAME = AppIcon;
				INFOPLIST_FILE = Helloworld2/Info.plist;
				LD_RUNPATH_SEARCH_PATHS = "$(inherited) @executable_path/Frameworks";
				PRODUCT_BUNDLE_IDENTIFIER = jp.techacademy.masashi.motohashi.Helloworld2;
				PRODUCT_NAME = "$(TARGET_NAME)";
				SWIFT_VERSION = 3.0;
			};
			name = Release;
		};
/* End XCBuildConfiguration section */

/* Begin XCConfigurationList section */
		4604154E1EA342E2007136DE /* Build configuration list for PBXProject "Helloworld2" */ = {
			isa = XCConfigurationList;
			buildConfigurations = (
				460415631EA342E2007136DE /* Debug */,
				460415641EA342E2007136DE /* Release */,
			);
			defaultConfigurationIsVisible = 0;
			defaultConfigurationName = Release;
		};
		460415651EA342E2007136DE /* Build configuration list for PBXNativeTarget "Helloworld2" */ = {
			isa = XCConfigurationList;
			buildConfigurations = (
				460415661EA342E2007136DE /* Debug */,
				460415671EA342E2007136DE /* Release */,
			);
			defaultConfigurationIsVisible = 0;
		};
/* End XCConfigurationList section */
	};
	rootObject = 4604154B1EA342E2007136DE /* Project object */;
}
